
Microsoft Visual Studio Solution File, Format Version 12.00
# Visual Studio Version 17
VisualStudioVersion = 17.3.32922.545
MinimumVisualStudioVersion = 10.0.40219.1
Project("{8BC9CEB8-8B4A-11D0-8D11-00A0C91BC942}") = "lab04.7", "lab04.7.vcxproj", "{FED351B9-39AC-4755-B6EE-9052800E54DD}"
EndProject
Global
	GlobalSection(SolutionConfigurationPlatforms) = preSolution
		Debug|x64 = Debug|x64
		Debug|x86 = Debug|x86
		Release|x64 = Release|x64
		Release|x86 = Release|x86
	EndGlobalSection
	GlobalSection(ProjectConfigurationPlatforms) = postSolution
		{FED351B9-39AC-4755-B6EE-9052800E54DD}.Debug|x64.ActiveCfg = Debug|x64
		{FED351B9-39AC-4755-B6EE-9052800E54DD}.Debug|x64.Build.0 = Debug|x64
		{FED351B9-39AC-4755-B6EE-9052800E54DD}.Debug|x86.ActiveCfg = Debug|Win32
		{FED351B9-39AC-4755-B6EE-9052800E54DD}.Debug|x86.Build.0 = Debug|Win32
		{FED351B9-39AC-4755-B6EE-9052800E54DD}.Release|x64.ActiveCfg = Release|x64
		{FED351B9-39AC-4755-B6EE-9052800E54DD}.Release|x64.Build.0 = Release|x64
		{FED351B9-39AC-4755-B6EE-9052800E54DD}.Release|x86.ActiveCfg = Release|Win32
		{FED351B9-39AC-4755-B6EE-9052800E54DD}.Release|x86.Build.0 = Release|Win32
	EndGlobalSection
	GlobalSection(SolutionProperties) = preSolution
		HideSolutionNode = FALSE
	EndGlobalSection
	GlobalSection(ExtensibilityGlobals) = postSolution
		SolutionGuid = {28835494-9487-4E52-A9FC-271F796F1841}
	EndGlobalSection
EndGlobal
